<?xml version="1.0" encoding="utf-8"?>
<Project ToolsVersion="4.0" xmlns="http://schemas.microsoft.com/developer/msbuild/2003">
  <ItemGroup>
    <Filter Include="Source Files">
      <UniqueIdentifier>{4FC737F1-C7A5-4376-A066-2A32D752A2FF}</UniqueIdentifier>
      <Extensions>cpp;c;cc;cxx;def;odl;idl;hpj;bat;asm;asmx</Extensions>
    </Filter>
    <Filter Include="Header Files">
      <UniqueIdentifier>{93995380-89BD-4b04-88EB-625FBE52EBFB}</UniqueIdentifier>
      <Extensions>h;hh;hpp;hxx;hm;inl;inc;xsd</Extensions>
    </Filter>
    <Filter Include="Resource Files">
      <UniqueIdentifier>{67DA6AB6-F800-4c08-8B7A-83BB121AAD01}</UniqueIdentifier>
      <Extensions>rc;ico;cur;bmp;dlg;rc2;rct;bin;rgs;gif;jpg;jpeg;jpe;resx;tiff;tif;png;wav;mfcribbon-ms</Extensions>
    </Filter>
    <Filter Include="Proto2">
      <UniqueIdentifier>{3a692587-56a0-4568-9f0f-f92825de1647}</UniqueIdentifier>
    </Filter>
    <Filter Include="Proto2\Header">
      <UniqueIdentifier>{516ea20e-79ac-4d69-9ae8-ad296b33c9ed}</UniqueIdentifier>
    </Filter>
    <Filter Include="Proto2\Source">
      <UniqueIdentifier>{90a64ca7-5d2d-4837-a230-4d8e5228641f}</UniqueIdentifier>
    </Filter>
    <Filter Include="Header Files\Networking">
      <UniqueIdentifier>{52b0d2b8-73aa-435a-9cd5-0a11a75a6978}</UniqueIdentifier>
    </Filter>
    <Filter Include="Source Files\Networking">
      <UniqueIdentifier>{7111587c-7dbb-4857-8f91-c137cdcff919}</UniqueIdentifier>
    </Filter>
  </ItemGroup>
  <ItemGroup>
    <ClCompile Include="main.cpp">
      <Filter>Source Files</Filter>
    </ClCompile>
    <ClCompile Include="ServerController.cpp">
      <Filter>Source Files</Filter>
    </ClCompile>
    <ClCompile Include="NetworkManager.cpp">
      <Filter>Source Files</Filter>
    </ClCompile>
    <ClCompile Include="GameLogging.cpp">
      <Filter>Source Files</Filter>
    </ClCompile>
    <ClCompile Include="Player.cpp">
      <Filter>Source Files</Filter>
    </ClCompile>
    <ClCompile Include="Map.cpp">
      <Filter>Source Files</Filter>
    </ClCompile>
    <ClCompile Include="GameObject.cpp">
      <Filter>Source Files</Filter>
    </ClCompile>
    <ClCompile Include="MapObject.cpp">
      <Filter>Source Files</Filter>
    </ClCompile>
    <ClCompile Include="..\..\ProroBuferFiles\ProtroHeaders\ClientMessage.pb.cc">
      <Filter>Proto2\Source</Filter>
    </ClCompile>
    <ClCompile Include="Ball.cpp">
      <Filter>Source Files</Filter>
    </ClCompile>
    <ClCompile Include="..\..\ProroBuferFiles\ProtroHeaders\ServerMessage.pb.cc">
      <Filter>Proto2\Source</Filter>
    </ClCompile>
    <ClCompile Include="NetworkTimeLapse.cpp">
      <Filter>Source Files</Filter>
    </ClCompile>
    <ClCompile Include="PridictedGameObject.cpp">
      <Filter>Source Files</Filter>
    </ClCompile>
    <ClCompile Include="StaticMathsLib.cpp">
      <Filter>Source Files</Filter>
    </ClCompile>
    <ClCompile Include="AIPlayer.cpp">
      <Filter>Source Files</Filter>
    </ClCompile>
    <ClCompile Include="..\..\ProroBuferFiles\ProtroHeaders\SyncTimeMessage.pb.cc">
      <Filter>Proto2\Source</Filter>
    </ClCompile>
  </ItemGroup>
  <ItemGroup>
    <ClInclude Include="ServerController.h">
      <Filter>Header Files</Filter>
    </ClInclude>
    <ClInclude Include="NetworkManager.h">
      <Filter>Header Files</Filter>
    </ClInclude>
    <ClInclude Include="GameLogging.h">
      <Filter>Header Files</Filter>
    </ClInclude>
    <ClInclude Include="Player.h">
      <Filter>Header Files</Filter>
    </ClInclude>
    <ClInclude Include="GameObject.h">
      <Filter>Header Files</Filter>
    </ClInclude>
    <ClInclude Include="..\..\ProroBuferFiles\ProtroHeaders\ClientMessage.pb.h">
      <Filter>Proto2\Header</Filter>
    </ClInclude>
    <ClInclude Include="Ball.h">
      <Filter>Header Files</Filter>
    </ClInclude>
    <ClInclude Include="..\..\ProroBuferFiles\ProtroHeaders\ServerMessage.pb.h">
      <Filter>Proto2\Header</Filter>
    </ClInclude>
    <ClInclude Include="NetworkTimeLapse.h">
      <Filter>Header Files</Filter>
    </ClInclude>
    <ClInclude Include="PridictedGameObject.h">
      <Filter>Header Files</Filter>
    </ClInclude>
    <ClInclude Include="StaticMathsLib.h">
      <Filter>Header Files</Filter>
    </ClInclude>
    <ClInclude Include="AIPlayer.h">
      <Filter>Header Files</Filter>
    </ClInclude>
    <ClInclude Include="..\..\ProroBuferFiles\ProtroHeaders\SyncTimeMessage.pb.h">
      <Filter>Proto2\Header</Filter>
    </ClInclude>
  </ItemGroup>
</Project>