<?xml version="1.0" encoding="utf-8"?>
<Project ToolsVersion="4.0" xmlns="http://schemas.microsoft.com/developer/msbuild/2003">
  <ItemGroup>
    <ClCompile Include="ClientController.cpp">
      <Filter>Source</Filter>
    </ClCompile>
    <ClCompile Include="GameLogging.cpp">
      <Filter>Source</Filter>
    </ClCompile>
    <ClCompile Include="GameObject.cpp">
      <Filter>Source</Filter>
    </ClCompile>
    <ClCompile Include="PlayerObject.cpp">
      <Filter>Source</Filter>
    </ClCompile>
    <ClCompile Include="Paddle.cpp">
      <Filter>Source</Filter>
    </ClCompile>
    <ClCompile Include="Ball.cpp">
      <Filter>Source</Filter>
    </ClCompile>
    <ClCompile Include="..\..\ProroBuferFiles\ProtroHeaders\ClientMessage.pb.cc">
      <Filter>Protobuf\Source</Filter>
    </ClCompile>
    <ClCompile Include="..\..\ProroBuferFiles\ProtroHeaders\ServerMessage.pb.cc">
      <Filter>Protobuf\Source</Filter>
    </ClCompile>
    <ClCompile Include="NetworkTimeStar.cpp">
      <Filter>Source\Networking</Filter>
    </ClCompile>
    <ClCompile Include="UIButton.cpp">
      <Filter>Source\UI</Filter>
    </ClCompile>
    <ClCompile Include="main.cpp">
      <Filter>Source</Filter>
    </ClCompile>
    <ClCompile Include="NetworkManager.cpp">
      <Filter>Source\Networking</Filter>
    </ClCompile>
    <ClCompile Include="Menu.cpp">
      <Filter>Source\State</Filter>
    </ClCompile>
    <ClCompile Include="..\..\ProroBuferFiles\ProtroHeaders\SyncTimeMessage.pb.cc">
      <Filter>Protobuf\Source</Filter>
    </ClCompile>
    <ClCompile Include="StaticMathsLib.cpp">
      <Filter>Source</Filter>
    </ClCompile>
    <ClCompile Include="PridictedGameObject.cpp">
      <Filter>Source</Filter>
    </ClCompile>
  </ItemGroup>
  <ItemGroup>
    <ClInclude Include="PlayerObject.h">
      <Filter>Header</Filter>
    </ClInclude>
    <ClInclude Include="GameObject.h">
      <Filter>Header</Filter>
    </ClInclude>
    <ClInclude Include="GameLogging.h">
      <Filter>Header</Filter>
    </ClInclude>
    <ClInclude Include="ClientController.h">
      <Filter>Header</Filter>
    </ClInclude>
    <ClInclude Include="Ball.h">
      <Filter>Header</Filter>
    </ClInclude>
    <ClInclude Include="Paddle.h">
      <Filter>Header</Filter>
    </ClInclude>
    <ClInclude Include="..\..\ProroBuferFiles\ProtroHeaders\ClientMessage.pb.h">
      <Filter>Protobuf\Header</Filter>
    </ClInclude>
    <ClInclude Include="..\..\ProroBuferFiles\ProtroHeaders\ServerMessage.pb.h">
      <Filter>Protobuf\Header</Filter>
    </ClInclude>
    <ClInclude Include="Menu.h">
      <Filter>Header\States</Filter>
    </ClInclude>
    <ClInclude Include="NetworkTimeStart.h">
      <Filter>Header\Networking</Filter>
    </ClInclude>
    <ClInclude Include="UIButton.h">
      <Filter>Header\UI</Filter>
    </ClInclude>
    <ClInclude Include="NetworkManager.h">
      <Filter>Header\Networking</Filter>
    </ClInclude>
    <ClInclude Include="..\..\ProroBuferFiles\ProtroHeaders\SyncTimeMessage.pb.h">
      <Filter>Protobuf\Header</Filter>
    </ClInclude>
    <ClInclude Include="StaticMathsLib.h">
      <Filter>Header</Filter>
    </ClInclude>
    <ClInclude Include="PridictedGameObject.h">
      <Filter>Header</Filter>
    </ClInclude>
  </ItemGroup>
  <ItemGroup>
    <Filter Include="Header">
      <UniqueIdentifier>{48d13ccc-90f9-4213-aa21-991df72490e4}</UniqueIdentifier>
    </Filter>
    <Filter Include="Source">
      <UniqueIdentifier>{7c0f7e22-0534-44ff-8c17-039771028642}</UniqueIdentifier>
    </Filter>
    <Filter Include="Protobuf">
      <UniqueIdentifier>{a5819021-3532-46b7-8fd9-730b4f4f56ae}</UniqueIdentifier>
    </Filter>
    <Filter Include="Protobuf\Header">
      <UniqueIdentifier>{2960af04-2b51-4360-8f1a-c084e2bad047}</UniqueIdentifier>
    </Filter>
    <Filter Include="Protobuf\Source">
      <UniqueIdentifier>{39575b12-0c4b-48c6-807f-e1cb08b26a36}</UniqueIdentifier>
    </Filter>
    <Filter Include="Header\UI">
      <UniqueIdentifier>{25130a99-e37c-4822-bd8a-101dec2f8580}</UniqueIdentifier>
    </Filter>
    <Filter Include="Header\States">
      <UniqueIdentifier>{df3022a5-d7d8-41a3-8860-dd7fc4cb554f}</UniqueIdentifier>
    </Filter>
    <Filter Include="Source\UI">
      <UniqueIdentifier>{1b82054b-a132-486e-96b7-4e2e5c908161}</UniqueIdentifier>
    </Filter>
    <Filter Include="Source\State">
      <UniqueIdentifier>{067d0375-b5a4-47fe-a77f-b48408765ff6}</UniqueIdentifier>
    </Filter>
    <Filter Include="Header\Networking">
      <UniqueIdentifier>{6fe6e9dc-2bda-4276-a37c-76b4e5611714}</UniqueIdentifier>
    </Filter>
    <Filter Include="Source\Networking">
      <UniqueIdentifier>{a63816de-fa9e-482e-a2e6-d38b734056b7}</UniqueIdentifier>
    </Filter>
  </ItemGroup>
</Project>