<?xml version="1.0" encoding="utf-8"?>
<Project ToolsVersion="4.0" xmlns="http://schemas.microsoft.com/developer/msbuild/2003">
  <ItemGroup>
    <ClCompile Include="ClientController.cpp">
      <Filter>Source</Filter>
    </ClCompile>
    <ClCompile Include="GameLogging.cpp">
      <Filter>Source</Filter>
    </ClCompile>
    <ClCompile Include="GameObject.cpp">
      <Filter>Source</Filter>
    </ClCompile>
    <ClCompile Include="GhostPlayer.cpp">
      <Filter>Source</Filter>
    </ClCompile>
    <ClCompile Include="main.cpp">
      <Filter>Source</Filter>
    </ClCompile>
    <ClCompile Include="Map.cpp">
      <Filter>Source</Filter>
    </ClCompile>
    <ClCompile Include="MapPoint.cpp">
      <Filter>Source</Filter>
    </ClCompile>
    <ClCompile Include="NetworkManager.cpp">
      <Filter>Source</Filter>
    </ClCompile>
    <ClCompile Include="PacManPlayer.cpp">
      <Filter>Source</Filter>
    </ClCompile>
    <ClCompile Include="PlayerObject.cpp">
      <Filter>Source</Filter>
    </ClCompile>
    <ClCompile Include="PointObject.cpp">
      <Filter>Source</Filter>
    </ClCompile>
    <ClCompile Include="TeleportBlock.cpp">
      <Filter>Source</Filter>
    </ClCompile>
    <ClCompile Include="MapObject.cpp">
      <Filter>Source</Filter>
    </ClCompile>
    <ClCompile Include="Paddle.cpp">
      <Filter>Source</Filter>
    </ClCompile>
    <ClCompile Include="Ball.cpp">
      <Filter>Source</Filter>
    </ClCompile>
    <ClCompile Include="WallBlock.cpp">
      <Filter>Source</Filter>
    </ClCompile>
    <ClCompile Include="..\..\ProroBuferFiles\ProtroHeaders\ClientMessage.pb.cc">
      <Filter>Protobuf\Source</Filter>
    </ClCompile>
    <ClCompile Include="..\..\ProroBuferFiles\ProtroHeaders\ServerMessage.pb.cc">
      <Filter>Protobuf\Source</Filter>
    </ClCompile>
  </ItemGroup>
  <ItemGroup>
    <ClInclude Include="WallBlock.h">
      <Filter>Header</Filter>
    </ClInclude>
    <ClInclude Include="TeleportBlock.h">
      <Filter>Header</Filter>
    </ClInclude>
    <ClInclude Include="PointObject.h">
      <Filter>Header</Filter>
    </ClInclude>
    <ClInclude Include="PlayerObject.h">
      <Filter>Header</Filter>
    </ClInclude>
    <ClInclude Include="PacManPlayer.h">
      <Filter>Header</Filter>
    </ClInclude>
    <ClInclude Include="NetworkManager.h">
      <Filter>Header</Filter>
    </ClInclude>
    <ClInclude Include="MapPoint.h">
      <Filter>Header</Filter>
    </ClInclude>
    <ClInclude Include="Map.h">
      <Filter>Header</Filter>
    </ClInclude>
    <ClInclude Include="GhostPlayer.h">
      <Filter>Header</Filter>
    </ClInclude>
    <ClInclude Include="GameObject.h">
      <Filter>Header</Filter>
    </ClInclude>
    <ClInclude Include="GameLogging.h">
      <Filter>Header</Filter>
    </ClInclude>
    <ClInclude Include="ClientController.h">
      <Filter>Header</Filter>
    </ClInclude>
    <ClInclude Include="MapObject.h">
      <Filter>Header</Filter>
    </ClInclude>
    <ClInclude Include="Ball.h">
      <Filter>Header</Filter>
    </ClInclude>
    <ClInclude Include="Paddle.h">
      <Filter>Header</Filter>
    </ClInclude>
    <ClInclude Include="..\..\ProroBuferFiles\ProtroHeaders\ClientMessage.pb.h">
      <Filter>Protobuf\Header</Filter>
    </ClInclude>
    <ClInclude Include="..\..\ProroBuferFiles\ProtroHeaders\ServerMessage.pb.h">
      <Filter>Protobuf\Header</Filter>
    </ClInclude>
  </ItemGroup>
  <ItemGroup>
    <Filter Include="Header">
      <UniqueIdentifier>{48d13ccc-90f9-4213-aa21-991df72490e4}</UniqueIdentifier>
    </Filter>
    <Filter Include="Source">
      <UniqueIdentifier>{7c0f7e22-0534-44ff-8c17-039771028642}</UniqueIdentifier>
    </Filter>
    <Filter Include="Protobuf">
      <UniqueIdentifier>{a5819021-3532-46b7-8fd9-730b4f4f56ae}</UniqueIdentifier>
    </Filter>
    <Filter Include="Protobuf\Header">
      <UniqueIdentifier>{2960af04-2b51-4360-8f1a-c084e2bad047}</UniqueIdentifier>
    </Filter>
    <Filter Include="Protobuf\Source">
      <UniqueIdentifier>{39575b12-0c4b-48c6-807f-e1cb08b26a36}</UniqueIdentifier>
    </Filter>
  </ItemGroup>
</Project>